
Microsoft Visual Studio Solution File, Format Version 12.00
# Visual Studio Version 16
VisualStudioVersion = 16.0.28902.138
MinimumVisualStudioVersion = 10.0.40219.1
Project("{888888A0-9F3D-457C-B088-3A5042F75D52}") = "Polls", "Polls\Polls.pyproj", "{1F10F712-7121-4EB9-BCD5-1C9530228FA1}"
EndProject
Global
	GlobalSection(SolutionConfigurationPlatforms) = preSolution
		Debug|Any CPU = Debug|Any CPU
		Release|Any CPU = Release|Any CPU
	EndGlobalSection
	GlobalSection(ProjectConfigurationPlatforms) = postSolution
		{1F10F712-7121-4EB9-BCD5-1C9530228FA1}.Debug|Any CPU.ActiveCfg = Debug|Any CPU
		{1F10F712-7121-4EB9-BCD5-1C9530228FA1}.Debug|Any CPU.Build.0 = Debug|Any CPU
		{1F10F712-7121-4EB9-BCD5-1C9530228FA1}.Release|Any CPU.ActiveCfg = Release|Any CPU
		{1F10F712-7121-4EB9-BCD5-1C9530228FA1}.Release|Any CPU.Build.0 = Release|Any CPU
	EndGlobalSection
	GlobalSection(SolutionProperties) = preSolution
		HideSolutionNode = FALSE
	EndGlobalSection
	GlobalSection(ExtensibilityGlobals) = postSolution
		SolutionGuid = {84F04809-8BD9-4038-B32D-F7E96DE04C68}
	EndGlobalSection
EndGlobal
