
Microsoft Visual Studio Solution File, Format Version 12.00
# Visual Studio Version 16
VisualStudioVersion = 16.0.29102.190
MinimumVisualStudioVersion = 10.0.40219.1
Project("{FAE04EC0-301F-11D3-BF4B-00C04F79EFBC}") = "CoreApp", "CoreApp\CoreApp.csproj", "{31D80194-AA3B-4D67-8A9E-DD962354A8A6}"
EndProject
Global
	GlobalSection(SolutionConfigurationPlatforms) = preSolution
		Debug|Any CPU = Debug|Any CPU
		Release|Any CPU = Release|Any CPU
	EndGlobalSection
	GlobalSection(ProjectConfigurationPlatforms) = postSolution
		{31D80194-AA3B-4D67-8A9E-DD962354A8A6}.Debug|Any CPU.ActiveCfg = Debug|Any CPU
		{31D80194-AA3B-4D67-8A9E-DD962354A8A6}.Debug|Any CPU.Build.0 = Debug|Any CPU
		{31D80194-AA3B-4D67-8A9E-DD962354A8A6}.Release|Any CPU.ActiveCfg = Release|Any CPU
		{31D80194-AA3B-4D67-8A9E-DD962354A8A6}.Release|Any CPU.Build.0 = Release|Any CPU
	EndGlobalSection
	GlobalSection(SolutionProperties) = preSolution
		HideSolutionNode = FALSE
	EndGlobalSection
	GlobalSection(ExtensibilityGlobals) = postSolution
		SolutionGuid = {617A7751-24A6-4FF8-9FF4-C21AE809A53A}
	EndGlobalSection
EndGlobal
