
Microsoft Visual Studio Solution File, Format Version 12.00
# Visual Studio Version 16
VisualStudioVersion = 16.0.29102.190
MinimumVisualStudioVersion = 10.0.40219.1
Project("{9092AA53-FB77-4645-B42D-1CCCA6BD08BD}") = "VuejsApp1", "VuejsApp1\VuejsApp1.njsproj", "{34C36E99-4925-48C9-A24A-D8165A51FB6D}"
EndProject
Global
	GlobalSection(SolutionConfigurationPlatforms) = preSolution
		Debug|Any CPU = Debug|Any CPU
		Release|Any CPU = Release|Any CPU
	EndGlobalSection
	GlobalSection(ProjectConfigurationPlatforms) = postSolution
		{34C36E99-4925-48C9-A24A-D8165A51FB6D}.Debug|Any CPU.ActiveCfg = Debug|Any CPU
		{34C36E99-4925-48C9-A24A-D8165A51FB6D}.Debug|Any CPU.Build.0 = Debug|Any CPU
		{34C36E99-4925-48C9-A24A-D8165A51FB6D}.Release|Any CPU.ActiveCfg = Release|Any CPU
		{34C36E99-4925-48C9-A24A-D8165A51FB6D}.Release|Any CPU.Build.0 = Release|Any CPU
	EndGlobalSection
	GlobalSection(SolutionProperties) = preSolution
		HideSolutionNode = FALSE
	EndGlobalSection
	GlobalSection(ExtensibilityGlobals) = postSolution
		SolutionGuid = {EA62D905-F64B-4112-8FFA-F51404074165}
	EndGlobalSection
EndGlobal
