
Microsoft Visual Studio Solution File, Format Version 12.00
# Visual Studio Version 16
VisualStudioVersion = 16.0.29102.190
MinimumVisualStudioVersion = 10.0.40219.1
Project("{888888A0-9F3D-457C-B088-3A5042F75D52}") = "LearningDjango", "LearningDjango\LearningDjango.pyproj", "{DA957DFD-DC34-4164-853E-2952A1253DA3}"
EndProject
Global
	GlobalSection(SolutionConfigurationPlatforms) = preSolution
		Debug|Any CPU = Debug|Any CPU
		Release|Any CPU = Release|Any CPU
	EndGlobalSection
	GlobalSection(ProjectConfigurationPlatforms) = postSolution
		{DA957DFD-DC34-4164-853E-2952A1253DA3}.Debug|Any CPU.ActiveCfg = Debug|Any CPU
		{DA957DFD-DC34-4164-853E-2952A1253DA3}.Debug|Any CPU.Build.0 = Debug|Any CPU
		{DA957DFD-DC34-4164-853E-2952A1253DA3}.Release|Any CPU.ActiveCfg = Release|Any CPU
		{DA957DFD-DC34-4164-853E-2952A1253DA3}.Release|Any CPU.Build.0 = Release|Any CPU
	EndGlobalSection
	GlobalSection(SolutionProperties) = preSolution
		HideSolutionNode = FALSE
	EndGlobalSection
	GlobalSection(ExtensibilityGlobals) = postSolution
		SolutionGuid = {309BE298-E5B0-4678-8319-8EAAF359D042}
	EndGlobalSection
EndGlobal
