
Microsoft Visual Studio Solution File, Format Version 12.00
# Visual Studio 15
VisualStudioVersion = 15.0.28010.2046
MinimumVisualStudioVersion = 10.0.40219.1
Project("{FAE04EC0-301F-11D3-BF4B-00C04F79EFBC}") = "RazorProto", "RazorProto\RazorProto.csproj", "{B9D3E2F4-0DDE-4F32-B2D6-81E8F033BB82}"
EndProject
Global
	GlobalSection(SolutionConfigurationPlatforms) = preSolution
		Debug|Any CPU = Debug|Any CPU
		Release|Any CPU = Release|Any CPU
	EndGlobalSection
	GlobalSection(ProjectConfigurationPlatforms) = postSolution
		{B9D3E2F4-0DDE-4F32-B2D6-81E8F033BB82}.Debug|Any CPU.ActiveCfg = Debug|Any CPU
		{B9D3E2F4-0DDE-4F32-B2D6-81E8F033BB82}.Debug|Any CPU.Build.0 = Debug|Any CPU
		{B9D3E2F4-0DDE-4F32-B2D6-81E8F033BB82}.Release|Any CPU.ActiveCfg = Release|Any CPU
		{B9D3E2F4-0DDE-4F32-B2D6-81E8F033BB82}.Release|Any CPU.Build.0 = Release|Any CPU
	EndGlobalSection
	GlobalSection(SolutionProperties) = preSolution
		HideSolutionNode = FALSE
	EndGlobalSection
	GlobalSection(ExtensibilityGlobals) = postSolution
		SolutionGuid = {449986E2-F61C-4952-ACFA-23A86FA572FD}
	EndGlobalSection
EndGlobal
